
Microsoft Visual Studio Solution File, Format Version 12.00
# Visual Studio Version 17
VisualStudioVersion = 17.11.35222.181
MinimumVisualStudioVersion = 10.0.40219.1
Project("{FAE04EC0-301F-11D3-BF4B-00C04F79EFBC}") = "GitHub øvelse", "GitHub øvelse\GitHub øvelse.csproj", "{0D71C5CA-54FD-409B-8D7B-B33C69C1C3FD}"
EndProject
Global
	GlobalSection(SolutionConfigurationPlatforms) = preSolution
		Debug|Any CPU = Debug|Any CPU
		Release|Any CPU = Release|Any CPU
	EndGlobalSection
	GlobalSection(ProjectConfigurationPlatforms) = postSolution
		{0D71C5CA-54FD-409B-8D7B-B33C69C1C3FD}.Debug|Any CPU.ActiveCfg = Debug|Any CPU
		{0D71C5CA-54FD-409B-8D7B-B33C69C1C3FD}.Debug|Any CPU.Build.0 = Debug|Any CPU
		{0D71C5CA-54FD-409B-8D7B-B33C69C1C3FD}.Release|Any CPU.ActiveCfg = Release|Any CPU
		{0D71C5CA-54FD-409B-8D7B-B33C69C1C3FD}.Release|Any CPU.Build.0 = Release|Any CPU
	EndGlobalSection
	GlobalSection(SolutionProperties) = preSolution
		HideSolutionNode = FALSE
	EndGlobalSection
	GlobalSection(ExtensibilityGlobals) = postSolution
		SolutionGuid = {956F8D88-2E47-456A-889B-1F6E939A0990}
	EndGlobalSection
EndGlobal
